
Microsoft Visual Studio Solution File, Format Version 12.00
# Visual Studio 15
VisualStudioVersion = 15.0.28307.421
MinimumVisualStudioVersion = 10.0.40219.1
Project("{FAE04EC0-301F-11D3-BF4B-00C04F79EFBC}") = "advent_of_code_2", "advent_of_code_2\advent_of_code_2.csproj", "{0881FB84-D8AD-4274-879E-317644BEBF73}"
EndProject
Global
	GlobalSection(SolutionConfigurationPlatforms) = preSolution
		Debug|Any CPU = Debug|Any CPU
		Release|Any CPU = Release|Any CPU
	EndGlobalSection
	GlobalSection(ProjectConfigurationPlatforms) = postSolution
		{0881FB84-D8AD-4274-879E-317644BEBF73}.Debug|Any CPU.ActiveCfg = Debug|Any CPU
		{0881FB84-D8AD-4274-879E-317644BEBF73}.Debug|Any CPU.Build.0 = Debug|Any CPU
		{0881FB84-D8AD-4274-879E-317644BEBF73}.Release|Any CPU.ActiveCfg = Release|Any CPU
		{0881FB84-D8AD-4274-879E-317644BEBF73}.Release|Any CPU.Build.0 = Release|Any CPU
	EndGlobalSection
	GlobalSection(SolutionProperties) = preSolution
		HideSolutionNode = FALSE
	EndGlobalSection
	GlobalSection(ExtensibilityGlobals) = postSolution
		SolutionGuid = {881D1D94-E353-4C15-826A-82201EB22885}
	EndGlobalSection
EndGlobal
